
Microsoft Visual Studio Solution File, Format Version 12.00
# Visual Studio 15
VisualStudioVersion = 15.0.28307.1169
MinimumVisualStudioVersion = 10.0.40219.1
Project("{FAE04EC0-301F-11D3-BF4B-00C04F79EFBC}") = "SkillTracker.Entities", "SkillTracker.Entities\SkillTracker.Entities.csproj", "{B79ABD1C-1850-48A3-AEC9-E0009560E0CA}"
EndProject
Project("{FAE04EC0-301F-11D3-BF4B-00C04F79EFBC}") = "SkillTracker.DataLayer", "SkillTracker.DataLayer\SkillTracker.DataLayer.csproj", "{C059D2A5-A1C4-47D2-A540-5840BFB37963}"
EndProject
Project("{FAE04EC0-301F-11D3-BF4B-00C04F79EFBC}") = "SkillTracker.BusinessLayer", "SkillTracker.BusinessLayer\SkillTracker.BusinessLayer.csproj", "{53E0A1FA-7CD3-47E5-A3A3-9AC938E6A92B}"
EndProject
Project("{FAE04EC0-301F-11D3-BF4B-00C04F79EFBC}") = "SkillTracker.Web", "SkillTracker.Web\SkillTracker.Web.csproj", "{7F69F941-8428-4DED-BD47-C3B9590A5628}"
EndProject
Project("{FAE04EC0-301F-11D3-BF4B-00C04F79EFBC}") = "SkillTracker.Tests", "SkillTracker.Tests\SkillTracker.Tests.csproj", "{658D7596-C5BC-4C66-86B3-9D34E48FA04E}"
EndProject
Global
	GlobalSection(SolutionConfigurationPlatforms) = preSolution
		Debug|Any CPU = Debug|Any CPU
		Release|Any CPU = Release|Any CPU
	EndGlobalSection
	GlobalSection(ProjectConfigurationPlatforms) = postSolution
		{B79ABD1C-1850-48A3-AEC9-E0009560E0CA}.Debug|Any CPU.ActiveCfg = Debug|Any CPU
		{B79ABD1C-1850-48A3-AEC9-E0009560E0CA}.Debug|Any CPU.Build.0 = Debug|Any CPU
		{B79ABD1C-1850-48A3-AEC9-E0009560E0CA}.Release|Any CPU.ActiveCfg = Release|Any CPU
		{B79ABD1C-1850-48A3-AEC9-E0009560E0CA}.Release|Any CPU.Build.0 = Release|Any CPU
		{C059D2A5-A1C4-47D2-A540-5840BFB37963}.Debug|Any CPU.ActiveCfg = Debug|Any CPU
		{C059D2A5-A1C4-47D2-A540-5840BFB37963}.Debug|Any CPU.Build.0 = Debug|Any CPU
		{C059D2A5-A1C4-47D2-A540-5840BFB37963}.Release|Any CPU.ActiveCfg = Release|Any CPU
		{C059D2A5-A1C4-47D2-A540-5840BFB37963}.Release|Any CPU.Build.0 = Release|Any CPU
		{53E0A1FA-7CD3-47E5-A3A3-9AC938E6A92B}.Debug|Any CPU.ActiveCfg = Debug|Any CPU
		{53E0A1FA-7CD3-47E5-A3A3-9AC938E6A92B}.Debug|Any CPU.Build.0 = Debug|Any CPU
		{53E0A1FA-7CD3-47E5-A3A3-9AC938E6A92B}.Release|Any CPU.ActiveCfg = Release|Any CPU
		{53E0A1FA-7CD3-47E5-A3A3-9AC938E6A92B}.Release|Any CPU.Build.0 = Release|Any CPU
		{7F69F941-8428-4DED-BD47-C3B9590A5628}.Debug|Any CPU.ActiveCfg = Debug|Any CPU
		{7F69F941-8428-4DED-BD47-C3B9590A5628}.Debug|Any CPU.Build.0 = Debug|Any CPU
		{7F69F941-8428-4DED-BD47-C3B9590A5628}.Release|Any CPU.ActiveCfg = Release|Any CPU
		{7F69F941-8428-4DED-BD47-C3B9590A5628}.Release|Any CPU.Build.0 = Release|Any CPU
		{658D7596-C5BC-4C66-86B3-9D34E48FA04E}.Debug|Any CPU.ActiveCfg = Debug|Any CPU
		{658D7596-C5BC-4C66-86B3-9D34E48FA04E}.Debug|Any CPU.Build.0 = Debug|Any CPU
		{658D7596-C5BC-4C66-86B3-9D34E48FA04E}.Release|Any CPU.ActiveCfg = Release|Any CPU
		{658D7596-C5BC-4C66-86B3-9D34E48FA04E}.Release|Any CPU.Build.0 = Release|Any CPU
	EndGlobalSection
	GlobalSection(SolutionProperties) = preSolution
		HideSolutionNode = FALSE
	EndGlobalSection
	GlobalSection(ExtensibilityGlobals) = postSolution
		SolutionGuid = {9CE1A767-4FEB-4550-B141-25D7C8369909}
	EndGlobalSection
EndGlobal
